
Microsoft Visual Studio Solution File, Format Version 12.00
# Visual Studio Version 17
VisualStudioVersion = 17.10.34928.147
MinimumVisualStudioVersion = 10.0.40219.1
Project("{8BC9CEB8-8B4A-11D0-8D11-00A0C91BC942}") = "SoundUiDetection", "SoundUiDetection\SoundUiDetection.vcxproj", "{521AC743-7DDA-4ACF-8957-8869078B35A6}"
EndProject
Global
	GlobalSection(SolutionConfigurationPlatforms) = preSolution
		Debug|x64 = Debug|x64
		Debug|x86 = Debug|x86
		Release|x64 = Release|x64
		Release|x86 = Release|x86
	EndGlobalSection
	GlobalSection(ProjectConfigurationPlatforms) = postSolution
		{521AC743-7DDA-4ACF-8957-8869078B35A6}.Debug|x64.ActiveCfg = Debug|x64
		{521AC743-7DDA-4ACF-8957-8869078B35A6}.Debug|x64.Build.0 = Debug|x64
		{521AC743-7DDA-4ACF-8957-8869078B35A6}.Debug|x86.ActiveCfg = Debug|Win32
		{521AC743-7DDA-4ACF-8957-8869078B35A6}.Debug|x86.Build.0 = Debug|Win32
		{521AC743-7DDA-4ACF-8957-8869078B35A6}.Release|x64.ActiveCfg = Release|x64
		{521AC743-7DDA-4ACF-8957-8869078B35A6}.Release|x64.Build.0 = Release|x64
		{521AC743-7DDA-4ACF-8957-8869078B35A6}.Release|x86.ActiveCfg = Release|Win32
		{521AC743-7DDA-4ACF-8957-8869078B35A6}.Release|x86.Build.0 = Release|Win32
	EndGlobalSection
	GlobalSection(SolutionProperties) = preSolution
		HideSolutionNode = FALSE
	EndGlobalSection
	GlobalSection(ExtensibilityGlobals) = postSolution
		SolutionGuid = {47532FE1-306C-4919-BF61-A02A4467712C}
	EndGlobalSection
EndGlobal
